
Microsoft Visual Studio Solution File, Format Version 12.00
# Visual Studio Version 17
VisualStudioVersion = 17.8.34525.116
MinimumVisualStudioVersion = 10.0.40219.1
Project("{FAE04EC0-301F-11D3-BF4B-00C04F79EFBC}") = "gdrvinstaller", "gdrvinstaller\gdrvinstaller.csproj", "{98378472-B81F-4906-B5E3-E77775D4D89E}"
EndProject
Global
	GlobalSection(SolutionConfigurationPlatforms) = preSolution
		Debug|Any CPU = Debug|Any CPU
		Release|Any CPU = Release|Any CPU
	EndGlobalSection
	GlobalSection(ProjectConfigurationPlatforms) = postSolution
		{98378472-B81F-4906-B5E3-E77775D4D89E}.Debug|Any CPU.ActiveCfg = Debug|Any CPU
		{98378472-B81F-4906-B5E3-E77775D4D89E}.Debug|Any CPU.Build.0 = Debug|Any CPU
		{98378472-B81F-4906-B5E3-E77775D4D89E}.Release|Any CPU.ActiveCfg = Release|Any CPU
		{98378472-B81F-4906-B5E3-E77775D4D89E}.Release|Any CPU.Build.0 = Release|Any CPU
	EndGlobalSection
	GlobalSection(SolutionProperties) = preSolution
		HideSolutionNode = FALSE
	EndGlobalSection
	GlobalSection(ExtensibilityGlobals) = postSolution
		SolutionGuid = {2039C028-1BF0-4956-9FFE-0816A08BDFD9}
	EndGlobalSection
EndGlobal
